// !$*UTF8*$!
{
	archiveVersion = 1;
	classes = {
	};
	objectVersion = 50;
	objects = {

/* Begin PBXBuildFile section */
		75900D6A20B0AC7500A9EFCF /* AppDelegate.swift in Sources */ = {isa = PBXBuildFile; fileRef = 75900D6920B0AC7500A9EFCF /* AppDelegate.swift */; };
		75900D6C20B0AC7500A9EFCF /* DocumentBrowserViewController.swift in Sources */ = {isa = PBXBuildFile; fileRef = 75900D6B20B0AC7500A9EFCF /* DocumentBrowserViewController.swift */; };
		75900D7020B0AC7500A9EFCF /* Document.swift in Sources */ = {isa = PBXBuildFile; fileRef = 75900D6F20B0AC7500A9EFCF /* Document.swift */; };
		75900D7320B0AC7500A9EFCF /* Main.storyboard in Resources */ = {isa = PBXBuildFile; fileRef = 75900D7120B0AC7500A9EFCF /* Main.storyboard */; };
		75900D7520B0AC7600A9EFCF /* Assets.xcassets in Resources */ = {isa = PBXBuildFile; fileRef = 75900D7420B0AC7600A9EFCF /* Assets.xcassets */; };
		75900D7820B0AC7600A9EFCF /* LaunchScreen.storyboard in Resources */ = {isa = PBXBuildFile; fileRef = 75900D7620B0AC7600A9EFCF /* LaunchScreen.storyboard */; };
		75900D8220B0ADBC00A9EFCF /* ImageGalleryCollectionViewController.swift in Sources */ = {isa = PBXBuildFile; fileRef = 75900D8120B0ADBC00A9EFCF /* ImageGalleryCollectionViewController.swift */; };
		75900D8420B0ADD700A9EFCF /* ImageGallery.swift in Sources */ = {isa = PBXBuildFile; fileRef = 75900D8320B0ADD700A9EFCF /* ImageGallery.swift */; };
		75900D8A20B0AE3200A9EFCF /* ImageCollectionViewCell.swift in Sources */ = {isa = PBXBuildFile; fileRef = 75900D8920B0AE3200A9EFCF /* ImageCollectionViewCell.swift */; };
		75900D8C20B0AE5000A9EFCF /* Utilities.swift in Sources */ = {isa = PBXBuildFile; fileRef = 75900D8B20B0AE5000A9EFCF /* Utilities.swift */; };
		75900D8E20B0AEA400A9EFCF /* ImageViewController.swift in Sources */ = {isa = PBXBuildFile; fileRef = 75900D8D20B0AEA400A9EFCF /* ImageViewController.swift */; };
/* End PBXBuildFile section */

/* Begin PBXFileReference section */
		75900D6620B0AC7500A9EFCF /* ImageBrowser.app */ = {isa = PBXFileReference; explicitFileType = wrapper.application; includeInIndex = 0; path = ImageBrowser.app; sourceTree = BUILT_PRODUCTS_DIR; };
		75900D6920B0AC7500A9EFCF /* AppDelegate.swift */ = {isa = PBXFileReference; lastKnownFileType = sourcecode.swift; path = AppDelegate.swift; sourceTree = "<group>"; };
		75900D6B20B0AC7500A9EFCF /* DocumentBrowserViewController.swift */ = {isa = PBXFileReference; lastKnownFileType = sourcecode.swift; path = DocumentBrowserViewController.swift; sourceTree = "<group>"; };
		75900D6F20B0AC7500A9EFCF /* Document.swift */ = {isa = PBXFileReference; lastKnownFileType = sourcecode.swift; path = Document.swift; sourceTree = "<group>"; };
		75900D7220B0AC7500A9EFCF /* Base */ = {isa = PBXFileReference; lastKnownFileType = file.storyboard; name = Base; path = Base.lproj/Main.storyboard; sourceTree = "<group>"; };
		75900D7420B0AC7600A9EFCF /* Assets.xcassets */ = {isa = PBXFileReference; lastKnownFileType = folder.assetcatalog; path = Assets.xcassets; sourceTree = "<group>"; };
		75900D7720B0AC7600A9EFCF /* Base */ = {isa = PBXFileReference; lastKnownFileType = file.storyboard; name = Base; path = Base.lproj/LaunchScreen.storyboard; sourceTree = "<group>"; };
		75900D7920B0AC7600A9EFCF /* Info.plist */ = {isa = PBXFileReference; lastKnownFileType = text.plist.xml; path = Info.plist; sourceTree = "<group>"; };
		75900D8120B0ADBC00A9EFCF /* ImageGalleryCollectionViewController.swift */ = {isa = PBXFileReference; lastKnownFileType = sourcecode.swift; path = ImageGalleryCollectionViewController.swift; sourceTree = "<group>"; };
		75900D8320B0ADD700A9EFCF /* ImageGallery.swift */ = {isa = PBXFileReference; lastKnownFileType = sourcecode.swift; path = ImageGallery.swift; sourceTree = "<group>"; };
		75900D8920B0AE3200A9EFCF /* ImageCollectionViewCell.swift */ = {isa = PBXFileReference; lastKnownFileType = sourcecode.swift; path = ImageCollectionViewCell.swift; sourceTree = "<group>"; };
		75900D8B20B0AE5000A9EFCF /* Utilities.swift */ = {isa = PBXFileReference; lastKnownFileType = sourcecode.swift; path = Utilities.swift; sourceTree = "<group>"; };
		75900D8D20B0AEA400A9EFCF /* ImageViewController.swift */ = {isa = PBXFileReference; lastKnownFileType = sourcecode.swift; path = ImageViewController.swift; sourceTree = "<group>"; };
/* End PBXFileReference section */

/* Begin PBXFrameworksBuildPhase section */
		75900D6320B0AC7500A9EFCF /* Frameworks */ = {
			isa = PBXFrameworksBuildPhase;
			buildActionMask = 2147483647;
			files = (
			);
			runOnlyForDeploymentPostprocessing = 0;
		};
/* End PBXFrameworksBuildPhase section */

/* Begin PBXGroup section */
		75900D5D20B0AC7500A9EFCF = {
			isa = PBXGroup;
			children = (
				75900D6820B0AC7500A9EFCF /* ImageBrowser */,
				75900D6720B0AC7500A9EFCF /* Products */,
			);
			sourceTree = "<group>";
		};
		75900D6720B0AC7500A9EFCF /* Products */ = {
			isa = PBXGroup;
			children = (
				75900D6620B0AC7500A9EFCF /* ImageBrowser.app */,
			);
			name = Products;
			sourceTree = "<group>";
		};
		75900D6820B0AC7500A9EFCF /* ImageBrowser */ = {
			isa = PBXGroup;
			children = (
				75900D8F20B0AEB900A9EFCF /* Supporting Files */,
				75900D6B20B0AC7500A9EFCF /* DocumentBrowserViewController.swift */,
				75900D6F20B0AC7500A9EFCF /* Document.swift */,
				75900D7120B0AC7500A9EFCF /* Main.storyboard */,
				75900D7920B0AC7600A9EFCF /* Info.plist */,
				75900D8120B0ADBC00A9EFCF /* ImageGalleryCollectionViewController.swift */,
				75900D8320B0ADD700A9EFCF /* ImageGallery.swift */,
				75900D8920B0AE3200A9EFCF /* ImageCollectionViewCell.swift */,
				75900D8D20B0AEA400A9EFCF /* ImageViewController.swift */,
			);
			path = ImageBrowser;
			sourceTree = "<group>";
		};
		75900D8F20B0AEB900A9EFCF /* Supporting Files */ = {
			isa = PBXGroup;
			children = (
				75900D6920B0AC7500A9EFCF /* AppDelegate.swift */,
				75900D7420B0AC7600A9EFCF /* Assets.xcassets */,
				75900D7620B0AC7600A9EFCF /* LaunchScreen.storyboard */,
				75900D8B20B0AE5000A9EFCF /* Utilities.swift */,
			);
			path = "Supporting Files";
			sourceTree = "<group>";
		};
/* End PBXGroup section */

/* Begin PBXNativeTarget section */
		75900D6520B0AC7500A9EFCF /* ImageBrowser */ = {
			isa = PBXNativeTarget;
			buildConfigurationList = 75900D7C20B0AC7600A9EFCF /* Build configuration list for PBXNativeTarget "ImageBrowser" */;
			buildPhases = (
				75900D6220B0AC7500A9EFCF /* Sources */,
				75900D6320B0AC7500A9EFCF /* Frameworks */,
				75900D6420B0AC7500A9EFCF /* Resources */,
			);
			buildRules = (
			);
			dependencies = (
			);
			name = ImageBrowser;
			productName = ImageBrowser;
			productReference = 75900D6620B0AC7500A9EFCF /* ImageBrowser.app */;
			productType = "com.apple.product-type.application";
		};
/* End PBXNativeTarget section */

/* Begin PBXProject section */
		75900D5E20B0AC7500A9EFCF /* Project object */ = {
			isa = PBXProject;
			attributes = {
				LastSwiftUpdateCheck = 0930;
				LastUpgradeCheck = 0930;
				ORGANIZATIONNAME = "Olivia Brown";
				TargetAttributes = {
					75900D6520B0AC7500A9EFCF = {
						CreatedOnToolsVersion = 9.3.1;
					};
				};
			};
			buildConfigurationList = 75900D6120B0AC7500A9EFCF /* Build configuration list for PBXProject "ImageBrowser" */;
			compatibilityVersion = "Xcode 9.3";
			developmentRegion = en;
			hasScannedForEncodings = 0;
			knownRegions = (
				en,
				Base,
			);
			mainGroup = 75900D5D20B0AC7500A9EFCF;
			productRefGroup = 75900D6720B0AC7500A9EFCF /* Products */;
			projectDirPath = "";
			projectRoot = "";
			targets = (
				75900D6520B0AC7500A9EFCF /* ImageBrowser */,
			);
		};
/* End PBXProject section */

/* Begin PBXResourcesBuildPhase section */
		75900D6420B0AC7500A9EFCF /* Resources */ = {
			isa = PBXResourcesBuildPhase;
			buildActionMask = 2147483647;
			files = (
				75900D7820B0AC7600A9EFCF /* LaunchScreen.storyboard in Resources */,
				75900D7520B0AC7600A9EFCF /* Assets.xcassets in Resources */,
				75900D7320B0AC7500A9EFCF /* Main.storyboard in Resources */,
			);
			runOnlyForDeploymentPostprocessing = 0;
		};
/* End PBXResourcesBuildPhase section */

/* Begin PBXSourcesBuildPhase section */
		75900D6220B0AC7500A9EFCF /* Sources */ = {
			isa = PBXSourcesBuildPhase;
			buildActionMask = 2147483647;
			files = (
				75900D8420B0ADD700A9EFCF /* ImageGallery.swift in Sources */,
				75900D8E20B0AEA400A9EFCF /* ImageViewController.swift in Sources */,
				75900D8220B0ADBC00A9EFCF /* ImageGalleryCollectionViewController.swift in Sources */,
				75900D7020B0AC7500A9EFCF /* Document.swift in Sources */,
				75900D8A20B0AE3200A9EFCF /* ImageCollectionViewCell.swift in Sources */,
				75900D6C20B0AC7500A9EFCF /* DocumentBrowserViewController.swift in Sources */,
				75900D8C20B0AE5000A9EFCF /* Utilities.swift in Sources */,
				75900D6A20B0AC7500A9EFCF /* AppDelegate.swift in Sources */,
			);
			runOnlyForDeploymentPostprocessing = 0;
		};
/* End PBXSourcesBuildPhase section */

/* Begin PBXVariantGroup section */
		75900D7120B0AC7500A9EFCF /* Main.storyboard */ = {
			isa = PBXVariantGroup;
			children = (
				75900D7220B0AC7500A9EFCF /* Base */,
			);
			name = Main.storyboard;
			sourceTree = "<group>";
		};
		75900D7620B0AC7600A9EFCF /* LaunchScreen.storyboard */ = {
			isa = PBXVariantGroup;
			children = (
				75900D7720B0AC7600A9EFCF /* Base */,
			);
			name = LaunchScreen.storyboard;
			sourceTree = "<group>";
		};
/* End PBXVariantGroup section */

/* Begin XCBuildConfiguration section */
		75900D7A20B0AC7600A9EFCF /* Debug */ = {
			isa = XCBuildConfiguration;
			buildSettings = {
				ALWAYS_SEARCH_USER_PATHS = NO;
				CLANG_ANALYZER_NONNULL = YES;
				CLANG_ANALYZER_NUMBER_OBJECT_CONVERSION = YES_AGGRESSIVE;
				CLANG_CXX_LANGUAGE_STANDARD = "gnu++14";
				CLANG_CXX_LIBRARY = "libc++";
				CLANG_ENABLE_MODULES = YES;
				CLANG_ENABLE_OBJC_ARC = YES;
				CLANG_ENABLE_OBJC_WEAK = YES;
				CLANG_WARN_BLOCK_CAPTURE_AUTORELEASING = YES;
				CLANG_WARN_BOOL_CONVERSION = YES;
				CLANG_WARN_COMMA = YES;
				CLANG_WARN_CONSTANT_CONVERSION = YES;
				CLANG_WARN_DEPRECATED_OBJC_IMPLEMENTATIONS = YES;
				CLANG_WARN_DIRECT_OBJC_ISA_USAGE = YES_ERROR;
				CLANG_WARN_DOCUMENTATION_COMMENTS = YES;
				CLANG_WARN_EMPTY_BODY = YES;
				CLANG_WARN_ENUM_CONVERSION = YES;
				CLANG_WARN_INFINITE_RECURSION = YES;
				CLANG_WARN_INT_CONVERSION = YES;
				CLANG_WARN_NON_LITERAL_NULL_CONVERSION = YES;
				CLANG_WARN_OBJC_IMPLICIT_RETAIN_SELF = YES;
				CLANG_WARN_OBJC_LITERAL_CONVERSION = YES;
				CLANG_WARN_OBJC_ROOT_CLASS = YES_ERROR;
				CLANG_WARN_RANGE_LOOP_ANALYSIS = YES;
				CLANG_WARN_STRICT_PROTOTYPES = YES;
				CLANG_WARN_SUSPICIOUS_MOVE = YES;
				CLANG_WARN_UNGUARDED_AVAILABILITY = YES_AGGRESSIVE;
				CLANG_WARN_UNREACHABLE_CODE = YES;
				CLANG_WARN__DUPLICATE_METHOD_MATCH = YES;
				CODE_SIGN_IDENTITY = "iPhone Developer";
				COPY_PHASE_STRIP = NO;
				DEBUG_INFORMATION_FORMAT = dwarf;
				ENABLE_STRICT_OBJC_MSGSEND = YES;
				ENABLE_TESTABILITY = YES;
				GCC_C_LANGUAGE_STANDARD = gnu11;
				GCC_DYNAMIC_NO_PIC = NO;
				GCC_NO_COMMON_BLOCKS = YES;
				GCC_OPTIMIZATION_LEVEL = 0;
				GCC_PREPROCESSOR_DEFINITIONS = (
					"DEBUG=1",
					"$(inherited)",
				);
				GCC_WARN_64_TO_32_BIT_CONVERSION = YES;
				GCC_WARN_ABOUT_RETURN_TYPE = YES_ERROR;
				GCC_WARN_UNDECLARED_SELECTOR = YES;
				GCC_WARN_UNINITIALIZED_AUTOS = YES_AGGRESSIVE;
				GCC_WARN_UNUSED_FUNCTION = YES;
				GCC_WARN_UNUSED_VARIABLE = YES;
				IPHONEOS_DEPLOYMENT_TARGET = 11.3;
				MTL_ENABLE_DEBUG_INFO = YES;
				ONLY_ACTIVE_ARCH = YES;
				SDKROOT = iphoneos;
				SWIFT_ACTIVE_COMPILATION_CONDITIONS = DEBUG;
				SWIFT_OPTIMIZATION_LEVEL = "-Onone";
			};
			name = Debug;
		};
		75900D7B20B0AC7600A9EFCF /* Release */ = {
			isa = XCBuildConfiguration;
			buildSettings = {
				ALWAYS_SEARCH_USER_PATHS = NO;
				CLANG_ANALYZER_NONNULL = YES;
				CLANG_ANALYZER_NUMBER_OBJECT_CONVERSION = YES_AGGRESSIVE;
				CLANG_CXX_LANGUAGE_STANDARD = "gnu++14";
				CLANG_CXX_LIBRARY = "libc++";
				CLANG_ENABLE_MODULES = YES;
				CLANG_ENABLE_OBJC_ARC = YES;
				CLANG_ENABLE_OBJC_WEAK = YES;
				CLANG_WARN_BLOCK_CAPTURE_AUTORELEASING = YES;
				CLANG_WARN_BOOL_CONVERSION = YES;
				CLANG_WARN_COMMA = YES;
				CLANG_WARN_CONSTANT_CONVERSION = YES;
				CLANG_WARN_DEPRECATED_OBJC_IMPLEMENTATIONS = YES;
				CLANG_WARN_DIRECT_OBJC_ISA_USAGE = YES_ERROR;
				CLANG_WARN_DOCUMENTATION_COMMENTS = YES;
				CLANG_WARN_EMPTY_BODY = YES;
				CLANG_WARN_ENUM_CONVERSION = YES;
				CLANG_WARN_INFINITE_RECURSION = YES;
				CLANG_WARN_INT_CONVERSION = YES;
				CLANG_WARN_NON_LITERAL_NULL_CONVERSION = YES;
				CLANG_WARN_OBJC_IMPLICIT_RETAIN_SELF = YES;
				CLANG_WARN_OBJC_LITERAL_CONVERSION = YES;
				CLANG_WARN_OBJC_ROOT_CLASS = YES_ERROR;
				CLANG_WARN_RANGE_LOOP_ANALYSIS = YES;
				CLANG_WARN_STRICT_PROTOTYPES = YES;
				CLANG_WARN_SUSPICIOUS_MOVE = YES;
				CLANG_WARN_UNGUARDED_AVAILABILITY = YES_AGGRESSIVE;
				CLANG_WARN_UNREACHABLE_CODE = YES;
				CLANG_WARN__DUPLICATE_METHOD_MATCH = YES;
				CODE_SIGN_IDENTITY = "iPhone Developer";
				COPY_PHASE_STRIP = NO;
				DEBUG_INFORMATION_FORMAT = "dwarf-with-dsym";
				ENABLE_NS_ASSERTIONS = NO;
				ENABLE_STRICT_OBJC_MSGSEND = YES;
				GCC_C_LANGUAGE_STANDARD = gnu11;
				GCC_NO_COMMON_BLOCKS = YES;
				GCC_WARN_64_TO_32_BIT_CONVERSION = YES;
				GCC_WARN_ABOUT_RETURN_TYPE = YES_ERROR;
				GCC_WARN_UNDECLARED_SELECTOR = YES;
				GCC_WARN_UNINITIALIZED_AUTOS = YES_AGGRESSIVE;
				GCC_WARN_UNUSED_FUNCTION = YES;
				GCC_WARN_UNUSED_VARIABLE = YES;
				IPHONEOS_DEPLOYMENT_TARGET = 11.3;
				MTL_ENABLE_DEBUG_INFO = NO;
				SDKROOT = iphoneos;
				SWIFT_COMPILATION_MODE = wholemodule;
				SWIFT_OPTIMIZATION_LEVEL = "-O";
				VALIDATE_PRODUCT = YES;
			};
			name = Release;
		};
		75900D7D20B0AC7600A9EFCF /* Debug */ = {
			isa = XCBuildConfiguration;
			buildSettings = {
				ASSETCATALOG_COMPILER_APPICON_NAME = AppIcon;
				CODE_SIGN_STYLE = Automatic;
				DEVELOPMENT_TEAM = 8GEKYYW3CQ;
				INFOPLIST_FILE = ImageBrowser/Info.plist;
				LD_RUNPATH_SEARCH_PATHS = (
					"$(inherited)",
					"@executable_path/Frameworks",
				);
				PRODUCT_BUNDLE_IDENTIFIER = edu.stanford.cs193p.olivia21.ImageBrowser;
				PRODUCT_NAME = "$(TARGET_NAME)";
				SWIFT_VERSION = 4.0;
				TARGETED_DEVICE_FAMILY = "1,2";
			};
			name = Debug;
		};
		75900D7E20B0AC7600A9EFCF /* Release */ = {
			isa = XCBuildConfiguration;
			buildSettings = {
				ASSETCATALOG_COMPILER_APPICON_NAME = AppIcon;
				CODE_SIGN_STYLE = Automatic;
				DEVELOPMENT_TEAM = 8GEKYYW3CQ;
				INFOPLIST_FILE = ImageBrowser/Info.plist;
				LD_RUNPATH_SEARCH_PATHS = (
					"$(inherited)",
					"@executable_path/Frameworks",
				);
				PRODUCT_BUNDLE_IDENTIFIER = edu.stanford.cs193p.olivia21.ImageBrowser;
				PRODUCT_NAME = "$(TARGET_NAME)";
				SWIFT_VERSION = 4.0;
				TARGETED_DEVICE_FAMILY = "1,2";
			};
			name = Release;
		};
/* End XCBuildConfiguration section */

/* Begin XCConfigurationList section */
		75900D6120B0AC7500A9EFCF /* Build configuration list for PBXProject "ImageBrowser" */ = {
			isa = XCConfigurationList;
			buildConfigurations = (
				75900D7A20B0AC7600A9EFCF /* Debug */,
				75900D7B20B0AC7600A9EFCF /* Release */,
			);
			defaultConfigurationIsVisible = 0;
			defaultConfigurationName = Release;
		};
		75900D7C20B0AC7600A9EFCF /* Build configuration list for PBXNativeTarget "ImageBrowser" */ = {
			isa = XCConfigurationList;
			buildConfigurations = (
				75900D7D20B0AC7600A9EFCF /* Debug */,
				75900D7E20B0AC7600A9EFCF /* Release */,
			);
			defaultConfigurationIsVisible = 0;
			defaultConfigurationName = Release;
		};
/* End XCConfigurationList section */
	};
	rootObject = 75900D5E20B0AC7500A9EFCF /* Project object */;
}
